
Microsoft Visual Studio Solution File, Format Version 12.00
# Visual Studio Version 17
VisualStudioVersion = 17.11.35303.130
MinimumVisualStudioVersion = 10.0.40219.1
Project("{FAE04EC0-301F-11D3-BF4B-00C04F79EFBC}") = "FactoryMethodPattern", "FactoryMethodPattern\FactoryMethodPattern.csproj", "{46DCDA28-2A49-4B6B-BDC8-A16682FD4B63}"
EndProject
Global
	GlobalSection(SolutionConfigurationPlatforms) = preSolution
		Debug|Any CPU = Debug|Any CPU
		Release|Any CPU = Release|Any CPU
	EndGlobalSection
	GlobalSection(ProjectConfigurationPlatforms) = postSolution
		{46DCDA28-2A49-4B6B-BDC8-A16682FD4B63}.Debug|Any CPU.ActiveCfg = Debug|Any CPU
		{46DCDA28-2A49-4B6B-BDC8-A16682FD4B63}.Debug|Any CPU.Build.0 = Debug|Any CPU
		{46DCDA28-2A49-4B6B-BDC8-A16682FD4B63}.Release|Any CPU.ActiveCfg = Release|Any CPU
		{46DCDA28-2A49-4B6B-BDC8-A16682FD4B63}.Release|Any CPU.Build.0 = Release|Any CPU
	EndGlobalSection
	GlobalSection(SolutionProperties) = preSolution
		HideSolutionNode = FALSE
	EndGlobalSection
	GlobalSection(ExtensibilityGlobals) = postSolution
		SolutionGuid = {EE4688AF-A156-4BE1-8175-67450BB9D5A2}
	EndGlobalSection
EndGlobal
